
Microsoft Visual Studio Solution File, Format Version 12.00
# Visual Studio Version 16
VisualStudioVersion = 16.0.29519.87
MinimumVisualStudioVersion = 10.0.40219.1
Project("{FAE04EC0-301F-11D3-BF4B-00C04F79EFBC}") = "docker-linux", "docker-linux.csproj", "{61CADBC2-7B29-4F96-B2B5-55C84CD936EB}"
EndProject
Global
	GlobalSection(SolutionConfigurationPlatforms) = preSolution
		Debug|Any CPU = Debug|Any CPU
		Release|Any CPU = Release|Any CPU
	EndGlobalSection
	GlobalSection(ProjectConfigurationPlatforms) = postSolution
		{61CADBC2-7B29-4F96-B2B5-55C84CD936EB}.Debug|Any CPU.ActiveCfg = Debug|Any CPU
		{61CADBC2-7B29-4F96-B2B5-55C84CD936EB}.Debug|Any CPU.Build.0 = Debug|Any CPU
		{61CADBC2-7B29-4F96-B2B5-55C84CD936EB}.Release|Any CPU.ActiveCfg = Release|Any CPU
		{61CADBC2-7B29-4F96-B2B5-55C84CD936EB}.Release|Any CPU.Build.0 = Release|Any CPU
	EndGlobalSection
	GlobalSection(SolutionProperties) = preSolution
		HideSolutionNode = FALSE
	EndGlobalSection
	GlobalSection(ExtensibilityGlobals) = postSolution
		SolutionGuid = {549A2C80-E176-49DE-8883-776423515002}
	EndGlobalSection
EndGlobal
